	<Project xmlns="http://schemas.microsoft.com/developer/msbuild/2003">
		<PropertyGroup>
			<ProjectGuid>{52D6FC4D-10C7-4891-A4D5-913176CF4C9D}</ProjectGuid>
			<MainSource>LDDesignPad.DPR</MainSource>
			<Config Condition="'$(Config)'==''">Debug</Config>
			<DCC_DCCCompiler>DCC32</DCC_DCCCompiler>
			<ProjectVersion>12.0</ProjectVersion>
		</PropertyGroup>
		<PropertyGroup Condition="'$(Config)'=='Base' or '$(Base)'!=''">
			<Base>true</Base>
		</PropertyGroup>
		<PropertyGroup Condition="'$(Config)'=='Release' or '$(Cfg_1)'!=''">
			<Cfg_1>true</Cfg_1>
			<CfgParent>Base</CfgParent>
			<Base>true</Base>
		</PropertyGroup>
		<PropertyGroup Condition="'$(Config)'=='Debug' or '$(Cfg_2)'!=''">
			<Cfg_2>true</Cfg_2>
			<CfgParent>Base</CfgParent>
			<Base>true</Base>
		</PropertyGroup>
		<PropertyGroup Condition="'$(Base)'!=''">
			<DCC_UsePackage>vclx;vcl;vclimg;dbrtl;Rave77VCL;bdertl;rtl;vclactnband;vcldb;vcldbx;vcltouch;xmlrtl;dsnap;dsnapcon;TeeUI;TeeDB;Tee;vclib;ibxpress;adortl;IndyCore;IndySystem;IndyProtocols;inet;intrawebdb_100_140;Intraweb_100_140;VclSmp;vclie;inetdb;webdsnap;websnap;inetdbbde;inetdbxpress;soaprtl;vclribbon;DbxCommonDriver;DbxClientDriver;DBXInterBaseDriver;DBXMySQLDriver;dbexpress;dbxcds;Jcl;JclVcl;JvCoreD14R;JvSystemD14R;JvStdCtrlsD14R;JvAppFrmD14R;JvBandsD14R;JvDBD14R;JvDlgsD14R;JvBDED14R;JvCmpD14R;JvCryptD14R;JvCtrlsD14R;JvCustomD14R;JvDockingD14R;JvDotNetCtrlsD14R;JvEDID14R;JvGlobusD14R;JvHMID14R;JvInterpreterD14R;JvJansD14R;JvManagedThreadsD14R;JvMMD14R;JvNetD14R;JvPageCompsD14R;JvPluginD14R;JvPrintPreviewD14R;JvRuntimeDesignD14R;JvTimeFrameworkD14R;JvValidatorsD14R;JvWizardD14R;JvXPCtrlsD14R;SynEdit_R2010;PLDDPSynEdit;LDDPDocTabs;LDDPDialogs</DCC_UsePackage>
			<DCC_DcuOutput>..\Current Build\DCU\</DCC_DcuOutput>
			<DCC_ExeOutput>..\Current Build\</DCC_ExeOutput>
			<DCC_BplOutput>..\Current Build\DCU\</DCC_BplOutput>
			<DCC_DcpOutput>..\Current Build\DCU\</DCC_DcpOutput>
			<DCC_ImageBase>00400000</DCC_ImageBase>
			<DCC_SymbolReferenceInfo>1</DCC_SymbolReferenceInfo>
			<DCC_DependencyCheckOutputName>..\Current Build\LDDesignPad.exe</DCC_DependencyCheckOutputName>
			<DCC_UnitAlias>WinTypes=Windows;WinProcs=Windows;DbiTypes=BDE;DbiProcs=BDE;DbiErrs=BDE;$(DCC_UnitAlias)</DCC_UnitAlias>
			<DCC_Platform>x86</DCC_Platform>
			<DCC_N>true</DCC_N>
			<DCC_S>false</DCC_S>
			<DCC_K>false</DCC_K>
			<DCC_E>false</DCC_E>
			<DCC_F>false</DCC_F>
		</PropertyGroup>
		<PropertyGroup Condition="'$(Cfg_1)'!=''">
			<DCC_LocalDebugSymbols>false</DCC_LocalDebugSymbols>
			<DCC_Define>RELEASE;$(DCC_Define)</DCC_Define>
			<DCC_SymbolReferenceInfo>0</DCC_SymbolReferenceInfo>
			<DCC_DebugInformation>false</DCC_DebugInformation>
		</PropertyGroup>
		<PropertyGroup Condition="'$(Cfg_2)'!=''">
			<DCC_Define>DEBUG;$(DCC_Define)</DCC_Define>
		</PropertyGroup>
		<ItemGroup>
			<DelphiCompile Include="LDDesignPad.DPR">
				<MainSource>MainSource</MainSource>
			</DelphiCompile>
			<DCCReference Include="..\DAT Tools\DATBase.pas"/>
			<DCCReference Include="..\DAT Tools\DATCheck.pas"/>
			<DCCReference Include="..\DAT Tools\DATColour.pas"/>
			<DCCReference Include="..\DAT Tools\DATErrorFix.pas"/>
			<DCCReference Include="..\DAT Tools\DATFlexObject.pas"/>
			<DCCReference Include="..\DAT Tools\DATMath.pas"/>
			<DCCReference Include="..\DAT Tools\DATModel.pas"/>
			<DCCReference Include="..\DAT Tools\DATUtils.pas"/>
			<DCCReference Include="..\Source\Forms\AboutDlg.pas">
				<Form>LDDPAbout</Form>
			</DCCReference>
			<DCCReference Include="..\Source\Forms\BezWindow.pas">
				<Form>FlexObjectDlg</Form>
			</DCCReference>
			<DCCReference Include="..\Source\Forms\SubpartForm.pas">
				<Form>LDDPSubFileDlg</Form>
			</DCCReference>
			<DCCReference Include="..\Source\Forms\errorbar.pas">
				<Form>frErrorWindow</Form>
			</DCCReference>
			<DCCReference Include="..\Source\Forms\MainFrm.pas">
				<Form>LDDPMain</Form>
			</DCCReference>
			<DCCReference Include="..\Source\Forms\SortDlg.pas">
				<Form>LDDPSortDlg</Form>
			</DCCReference>
			<DCCReference Include="..\Source\Forms\splash.pas">
				<Form>LDDPSplash</Form>
			</DCCReference>
			<DCCReference Include="..\Source\Units\commonprocs.pas"/>
			<DCCReference Include="..\Source\Units\lddpoptions.pas"/>
			<DCCReference Include="..\Source\Units\windowsspecific.pas"/>
			<DCCReference Include="..\Source\Forms\ReplaceDlg.pas">
				<Form>LDDPReplaceDlg</Form>
			</DCCReference>
			<DCCReference Include="..\Source\Forms\OptionsFrm.pas">
				<Form>LDDPOptionsForm</Form>
			</DCCReference>
			<DCCReference Include="..\Source\Forms\ColorReplaceFrm.pas">
				<Form>LDDPColorReplaceForm</Form>
			</DCCReference>
			<DCCReference Include="..\Source\Units\EditorDoc.pas"/>
			<DCCReference Include="..\Source\Forms\HighlighterPropDlg.pas">
				<Form>LDDPHighterEditorPropertiesDlg</Form>
			</DCCReference>
			<BuildConfiguration Include="Base">
				<Key>Base</Key>
			</BuildConfiguration>
			<BuildConfiguration Include="Debug">
				<Key>Cfg_2</Key>
				<CfgParent>Base</CfgParent>
			</BuildConfiguration>
			<BuildConfiguration Include="Release">
				<Key>Cfg_1</Key>
				<CfgParent>Base</CfgParent>
			</BuildConfiguration>
		</ItemGroup>
		<Import Project="$(BDS)\Bin\CodeGear.Delphi.Targets" Condition="Exists('$(BDS)\Bin\CodeGear.Delphi.Targets')"/>
		<ProjectExtensions>
			<Borland.Personality>Delphi.Personality.12</Borland.Personality>
			<Borland.ProjectType/>
			<BorlandProject>
				<Delphi.Personality>
					<Source>
						<Source Name="MainSource">LDDesignPad.DPR</Source>
					</Source>
					<Parameters>
						<Parameters Name="UseLauncher">False</Parameters>
						<Parameters Name="LoadAllSymbols">True</Parameters>
						<Parameters Name="LoadUnspecifiedSymbols">False</Parameters>
					</Parameters>
					<VersionInfo>
						<VersionInfo Name="IncludeVerInfo">True</VersionInfo>
						<VersionInfo Name="AutoIncBuild">False</VersionInfo>
						<VersionInfo Name="MajorVer">2</VersionInfo>
						<VersionInfo Name="MinorVer">1</VersionInfo>
						<VersionInfo Name="Release">0</VersionInfo>
						<VersionInfo Name="Build">0</VersionInfo>
						<VersionInfo Name="Debug">False</VersionInfo>
						<VersionInfo Name="PreRelease">False</VersionInfo>
						<VersionInfo Name="Special">False</VersionInfo>
						<VersionInfo Name="Private">False</VersionInfo>
						<VersionInfo Name="DLL">False</VersionInfo>
						<VersionInfo Name="Locale">1033</VersionInfo>
						<VersionInfo Name="CodePage">1252</VersionInfo>
					</VersionInfo>
					<VersionInfoKeys>
						<VersionInfoKeys Name="CompanyName"/>
						<VersionInfoKeys Name="FileDescription"/>
						<VersionInfoKeys Name="FileVersion">2.1.0.0</VersionInfoKeys>
						<VersionInfoKeys Name="InternalName"/>
						<VersionInfoKeys Name="LegalCopyright"/>
						<VersionInfoKeys Name="LegalTrademarks"/>
						<VersionInfoKeys Name="OriginalFilename"/>
						<VersionInfoKeys Name="ProductName"/>
						<VersionInfoKeys Name="ProductVersion">1.0.0.0</VersionInfoKeys>
						<VersionInfoKeys Name="Comments"/>
					</VersionInfoKeys>
					<Excluded_Packages>
						<Excluded_Packages Name="$(BDS)\bin\dcloffice2k140.bpl">Microsoft Office 2000 Sample Automation Server Wrapper Components</Excluded_Packages>
						<Excluded_Packages Name="$(BDS)\bin\dclofficexp140.bpl">Microsoft Office XP Sample Automation Server Wrapper Components</Excluded_Packages>
					</Excluded_Packages>
				</Delphi.Personality>
			</BorlandProject>
			<ProjectFileVersion>12</ProjectFileVersion>
		</ProjectExtensions>
	</Project>
